// !$*UTF8*$!
{
	archiveVersion = 1;
	classes = {
	};
	objectVersion = 46;
	objects = {

/* Begin PBXBuildFile section */
		EE02036F1E6D9C0D007077E6 /* csvtest.csv in Resources */ = {isa = PBXBuildFile; fileRef = EE02036E1E6D9C0D007077E6 /* csvtest.csv */; };
		EE3D4D3B1E6EFE9200019625 /* Player.swift in Sources */ = {isa = PBXBuildFile; fileRef = EE3D4D3A1E6EFE9200019625 /* Player.swift */; };
		EE6E0DC71EA698570003991B /* BarChartViewController.swift in Sources */ = {isa = PBXBuildFile; fileRef = EE6E0DC61EA698570003991B /* BarChartViewController.swift */; };
		EE71B4DF1EA533D3007D3CD8 /* Charts.framework in Frameworks */ = {isa = PBXBuildFile; fileRef = EE71B4DC1EA53389007D3CD8 /* Charts.framework */; };
		EE71B4E01EA533D3007D3CD8 /* Charts.framework in Embed Frameworks */ = {isa = PBXBuildFile; fileRef = EE71B4DC1EA53389007D3CD8 /* Charts.framework */; settings = {ATTRIBUTES = (CodeSignOnCopy, RemoveHeadersOnCopy, ); }; };
		EEA9794D1E65FAB000E312F3 /* AppDelegate.swift in Sources */ = {isa = PBXBuildFile; fileRef = EEA9794C1E65FAB000E312F3 /* AppDelegate.swift */; };
		EEA979521E65FAB000E312F3 /* Main.storyboard in Resources */ = {isa = PBXBuildFile; fileRef = EEA979501E65FAB000E312F3 /* Main.storyboard */; };
		EEA979541E65FAB000E312F3 /* Assets.xcassets in Resources */ = {isa = PBXBuildFile; fileRef = EEA979531E65FAB000E312F3 /* Assets.xcassets */; };
		EEA979571E65FAB000E312F3 /* LaunchScreen.storyboard in Resources */ = {isa = PBXBuildFile; fileRef = EEA979551E65FAB000E312F3 /* LaunchScreen.storyboard */; };
		EEA979621E65FAB000E312F3 /* TextFileCSVTests.swift in Sources */ = {isa = PBXBuildFile; fileRef = EEA979611E65FAB000E312F3 /* TextFileCSVTests.swift */; };
		EEA9796D1E65FAB000E312F3 /* TextFileCSVUITests.swift in Sources */ = {isa = PBXBuildFile; fileRef = EEA9796C1E65FAB000E312F3 /* TextFileCSVUITests.swift */; };
		EEB399241E94165C00053743 /* PlayerTableViewController.swift in Sources */ = {isa = PBXBuildFile; fileRef = EEB399231E94165C00053743 /* PlayerTableViewController.swift */; };
/* End PBXBuildFile section */

/* Begin PBXContainerItemProxy section */
		EE71B4DB1EA53389007D3CD8 /* PBXContainerItemProxy */ = {
			isa = PBXContainerItemProxy;
			containerPortal = EE71B4D61EA53389007D3CD8 /* Charts.xcodeproj */;
			proxyType = 2;
			remoteGlobalIDString = 06165F241D8110E600722320;
			remoteInfo = Charts;
		};
		EE71B4DD1EA53389007D3CD8 /* PBXContainerItemProxy */ = {
			isa = PBXContainerItemProxy;
			containerPortal = EE71B4D61EA53389007D3CD8 /* Charts.xcodeproj */;
			proxyType = 2;
			remoteGlobalIDString = 06165F2E1D8110E600722320;
			remoteInfo = ChartsTests;
		};
		EE71B4E11EA533D3007D3CD8 /* PBXContainerItemProxy */ = {
			isa = PBXContainerItemProxy;
			containerPortal = EE71B4D61EA53389007D3CD8 /* Charts.xcodeproj */;
			proxyType = 1;
			remoteGlobalIDString = 06165F231D8110E600722320;
			remoteInfo = Charts;
		};
		EEA9795E1E65FAB000E312F3 /* PBXContainerItemProxy */ = {
			isa = PBXContainerItemProxy;
			containerPortal = EEA979411E65FAB000E312F3 /* Project object */;
			proxyType = 1;
			remoteGlobalIDString = EEA979481E65FAB000E312F3;
			remoteInfo = TextFileCSV;
		};
		EEA979691E65FAB000E312F3 /* PBXContainerItemProxy */ = {
			isa = PBXContainerItemProxy;
			containerPortal = EEA979411E65FAB000E312F3 /* Project object */;
			proxyType = 1;
			remoteGlobalIDString = EEA979481E65FAB000E312F3;
			remoteInfo = TextFileCSV;
		};
/* End PBXContainerItemProxy section */

/* Begin PBXCopyFilesBuildPhase section */
		EE71B4E31EA533D3007D3CD8 /* Embed Frameworks */ = {
			isa = PBXCopyFilesBuildPhase;
			buildActionMask = 2147483647;
			dstPath = "";
			dstSubfolderSpec = 10;
			files = (
				EE71B4E01EA533D3007D3CD8 /* Charts.framework in Embed Frameworks */,
			);
			name = "Embed Frameworks";
			runOnlyForDeploymentPostprocessing = 0;
		};
/* End PBXCopyFilesBuildPhase section */

/* Begin PBXFileReference section */
		EE02036E1E6D9C0D007077E6 /* csvtest.csv */ = {isa = PBXFileReference; fileEncoding = 4; lastKnownFileType = text; path = csvtest.csv; sourceTree = "<group>"; };
		EE3D4D3A1E6EFE9200019625 /* Player.swift */ = {isa = PBXFileReference; fileEncoding = 4; lastKnownFileType = sourcecode.swift; path = Player.swift; sourceTree = "<group>"; };
		EE6E0DC61EA698570003991B /* BarChartViewController.swift */ = {isa = PBXFileReference; fileEncoding = 4; lastKnownFileType = sourcecode.swift; path = BarChartViewController.swift; sourceTree = "<group>"; };
		EE71B4D61EA53389007D3CD8 /* Charts.xcodeproj */ = {isa = PBXFileReference; lastKnownFileType = "wrapper.pb-project"; name = Charts.xcodeproj; path = "Charts-master/Charts.xcodeproj"; sourceTree = SOURCE_ROOT; };
		EEA979491E65FAB000E312F3 /* StatTrack.app */ = {isa = PBXFileReference; explicitFileType = wrapper.application; includeInIndex = 0; path = StatTrack.app; sourceTree = BUILT_PRODUCTS_DIR; };
		EEA9794C1E65FAB000E312F3 /* AppDelegate.swift */ = {isa = PBXFileReference; lastKnownFileType = sourcecode.swift; path = AppDelegate.swift; sourceTree = "<group>"; };
		EEA979511E65FAB000E312F3 /* Base */ = {isa = PBXFileReference; lastKnownFileType = file.storyboard; name = Base; path = Base.lproj/Main.storyboard; sourceTree = "<group>"; };
		EEA979531E65FAB000E312F3 /* Assets.xcassets */ = {isa = PBXFileReference; lastKnownFileType = folder.assetcatalog; path = Assets.xcassets; sourceTree = "<group>"; };
		EEA979561E65FAB000E312F3 /* Base */ = {isa = PBXFileReference; lastKnownFileType = file.storyboard; name = Base; path = Base.lproj/LaunchScreen.storyboard; sourceTree = "<group>"; };
		EEA979581E65FAB000E312F3 /* Info.plist */ = {isa = PBXFileReference; lastKnownFileType = text.plist.xml; path = Info.plist; sourceTree = "<group>"; };
		EEA9795D1E65FAB000E312F3 /* StatTrackTests.xctest */ = {isa = PBXFileReference; explicitFileType = wrapper.cfbundle; includeInIndex = 0; path = StatTrackTests.xctest; sourceTree = BUILT_PRODUCTS_DIR; };
		EEA979611E65FAB000E312F3 /* TextFileCSVTests.swift */ = {isa = PBXFileReference; lastKnownFileType = sourcecode.swift; path = TextFileCSVTests.swift; sourceTree = "<group>"; };
		EEA979631E65FAB000E312F3 /* Info.plist */ = {isa = PBXFileReference; lastKnownFileType = text.plist.xml; path = Info.plist; sourceTree = "<group>"; };
		EEA979681E65FAB000E312F3 /* StatTrackUITests.xctest */ = {isa = PBXFileReference; explicitFileType = wrapper.cfbundle; includeInIndex = 0; path = StatTrackUITests.xctest; sourceTree = BUILT_PRODUCTS_DIR; };
		EEA9796C1E65FAB000E312F3 /* TextFileCSVUITests.swift */ = {isa = PBXFileReference; lastKnownFileType = sourcecode.swift; path = TextFileCSVUITests.swift; sourceTree = "<group>"; };
		EEA9796E1E65FAB000E312F3 /* Info.plist */ = {isa = PBXFileReference; lastKnownFileType = text.plist.xml; path = Info.plist; sourceTree = "<group>"; };
		EEB399231E94165C00053743 /* PlayerTableViewController.swift */ = {isa = PBXFileReference; fileEncoding = 4; lastKnownFileType = sourcecode.swift; path = PlayerTableViewController.swift; sourceTree = "<group>"; };
/* End PBXFileReference section */

/* Begin PBXFrameworksBuildPhase section */
		EEA979461E65FAB000E312F3 /* Frameworks */ = {
			isa = PBXFrameworksBuildPhase;
			buildActionMask = 2147483647;
			files = (
				EE71B4DF1EA533D3007D3CD8 /* Charts.framework in Frameworks */,
			);
			runOnlyForDeploymentPostprocessing = 0;
		};
		EEA9795A1E65FAB000E312F3 /* Frameworks */ = {
			isa = PBXFrameworksBuildPhase;
			buildActionMask = 2147483647;
			files = (
			);
			runOnlyForDeploymentPostprocessing = 0;
		};
		EEA979651E65FAB000E312F3 /* Frameworks */ = {
			isa = PBXFrameworksBuildPhase;
			buildActionMask = 2147483647;
			files = (
			);
			runOnlyForDeploymentPostprocessing = 0;
		};
/* End PBXFrameworksBuildPhase section */

/* Begin PBXGroup section */
		EE71B4D71EA53389007D3CD8 /* Products */ = {
			isa = PBXGroup;
			children = (
				EE71B4DC1EA53389007D3CD8 /* Charts.framework */,
				EE71B4DE1EA53389007D3CD8 /* ChartsTests.xctest */,
			);
			name = Products;
			sourceTree = "<group>";
		};
		EEA979401E65FAB000E312F3 = {
			isa = PBXGroup;
			children = (
				EEA9794B1E65FAB000E312F3 /* StatTrack */,
				EEA979601E65FAB000E312F3 /* StatTrackTests */,
				EEA9796B1E65FAB000E312F3 /* StatTrackUITests */,
				EEA9794A1E65FAB000E312F3 /* Products */,
			);
			sourceTree = "<group>";
		};
		EEA9794A1E65FAB000E312F3 /* Products */ = {
			isa = PBXGroup;
			children = (
				EEA979491E65FAB000E312F3 /* StatTrack.app */,
				EEA9795D1E65FAB000E312F3 /* StatTrackTests.xctest */,
				EEA979681E65FAB000E312F3 /* StatTrackUITests.xctest */,
			);
			name = Products;
			sourceTree = "<group>";
		};
		EEA9794B1E65FAB000E312F3 /* StatTrack */ = {
			isa = PBXGroup;
			children = (
				EEB399231E94165C00053743 /* PlayerTableViewController.swift */,
				EEA9794C1E65FAB000E312F3 /* AppDelegate.swift */,
				EEA979501E65FAB000E312F3 /* Main.storyboard */,
				EE6E0DC61EA698570003991B /* BarChartViewController.swift */,
				EEA979531E65FAB000E312F3 /* Assets.xcassets */,
				EEA979551E65FAB000E312F3 /* LaunchScreen.storyboard */,
				EE3D4D3A1E6EFE9200019625 /* Player.swift */,
				EEA979581E65FAB000E312F3 /* Info.plist */,
				EE02036E1E6D9C0D007077E6 /* csvtest.csv */,
				EE71B4D61EA53389007D3CD8 /* Charts.xcodeproj */,
			);
			path = StatTrack;
			sourceTree = "<group>";
		};
		EEA979601E65FAB000E312F3 /* StatTrackTests */ = {
			isa = PBXGroup;
			children = (
				EEA979611E65FAB000E312F3 /* TextFileCSVTests.swift */,
				EEA979631E65FAB000E312F3 /* Info.plist */,
			);
			path = StatTrackTests;
			sourceTree = "<group>";
		};
		EEA9796B1E65FAB000E312F3 /* StatTrackUITests */ = {
			isa = PBXGroup;
			children = (
				EEA9796C1E65FAB000E312F3 /* TextFileCSVUITests.swift */,
				EEA9796E1E65FAB000E312F3 /* Info.plist */,
			);
			path = StatTrackUITests;
			sourceTree = "<group>";
		};
/* End PBXGroup section */

/* Begin PBXNativeTarget section */
		EEA979481E65FAB000E312F3 /* StatTrack */ = {
			isa = PBXNativeTarget;
			buildConfigurationList = EEA979711E65FAB000E312F3 /* Build configuration list for PBXNativeTarget "StatTrack" */;
			buildPhases = (
				EEA979451E65FAB000E312F3 /* Sources */,
				EEA979461E65FAB000E312F3 /* Frameworks */,
				EEA979471E65FAB000E312F3 /* Resources */,
				EE71B4E31EA533D3007D3CD8 /* Embed Frameworks */,
			);
			buildRules = (
			);
			dependencies = (
				EE71B4E21EA533D3007D3CD8 /* PBXTargetDependency */,
			);
			name = StatTrack;
			productName = TextFileCSV;
			productReference = EEA979491E65FAB000E312F3 /* StatTrack.app */;
			productType = "com.apple.product-type.application";
		};
		EEA9795C1E65FAB000E312F3 /* StatTrackTests */ = {
			isa = PBXNativeTarget;
			buildConfigurationList = EEA979741E65FAB000E312F3 /* Build configuration list for PBXNativeTarget "StatTrackTests" */;
			buildPhases = (
				EEA979591E65FAB000E312F3 /* Sources */,
				EEA9795A1E65FAB000E312F3 /* Frameworks */,
				EEA9795B1E65FAB000E312F3 /* Resources */,
			);
			buildRules = (
			);
			dependencies = (
				EEA9795F1E65FAB000E312F3 /* PBXTargetDependency */,
			);
			name = StatTrackTests;
			productName = TextFileCSVTests;
			productReference = EEA9795D1E65FAB000E312F3 /* StatTrackTests.xctest */;
			productType = "com.apple.product-type.bundle.unit-test";
		};
		EEA979671E65FAB000E312F3 /* StatTrackUITests */ = {
			isa = PBXNativeTarget;
			buildConfigurationList = EEA979771E65FAB000E312F3 /* Build configuration list for PBXNativeTarget "StatTrackUITests" */;
			buildPhases = (
				EEA979641E65FAB000E312F3 /* Sources */,
				EEA979651E65FAB000E312F3 /* Frameworks */,
				EEA979661E65FAB000E312F3 /* Resources */,
			);
			buildRules = (
			);
			dependencies = (
				EEA9796A1E65FAB000E312F3 /* PBXTargetDependency */,
			);
			name = StatTrackUITests;
			productName = TextFileCSVUITests;
			productReference = EEA979681E65FAB000E312F3 /* StatTrackUITests.xctest */;
			productType = "com.apple.product-type.bundle.ui-testing";
		};
/* End PBXNativeTarget section */

/* Begin PBXProject section */
		EEA979411E65FAB000E312F3 /* Project object */ = {
			isa = PBXProject;
			attributes = {
				LastSwiftUpdateCheck = 0820;
				LastUpgradeCheck = 0820;
				ORGANIZATIONNAME = Cheidu;
				TargetAttributes = {
					EEA979481E65FAB000E312F3 = {
						CreatedOnToolsVersion = 8.2.1;
						DevelopmentTeam = 64643K84XW;
						ProvisioningStyle = Automatic;
					};
					EEA9795C1E65FAB000E312F3 = {
						CreatedOnToolsVersion = 8.2.1;
						ProvisioningStyle = Automatic;
						TestTargetID = EEA979481E65FAB000E312F3;
					};
					EEA979671E65FAB000E312F3 = {
						CreatedOnToolsVersion = 8.2.1;
						ProvisioningStyle = Automatic;
						TestTargetID = EEA979481E65FAB000E312F3;
					};
				};
			};
			buildConfigurationList = EEA979441E65FAB000E312F3 /* Build configuration list for PBXProject "StatTrack" */;
			compatibilityVersion = "Xcode 3.2";
			developmentRegion = English;
			hasScannedForEncodings = 0;
			knownRegions = (
				en,
				Base,
			);
			mainGroup = EEA979401E65FAB000E312F3;
			productRefGroup = EEA9794A1E65FAB000E312F3 /* Products */;
			projectDirPath = "";
			projectReferences = (
				{
					ProductGroup = EE71B4D71EA53389007D3CD8 /* Products */;
					ProjectRef = EE71B4D61EA53389007D3CD8 /* Charts.xcodeproj */;
				},
			);
			projectRoot = "";
			targets = (
				EEA979481E65FAB000E312F3 /* StatTrack */,
				EEA9795C1E65FAB000E312F3 /* StatTrackTests */,
				EEA979671E65FAB000E312F3 /* StatTrackUITests */,
			);
		};
/* End PBXProject section */

/* Begin PBXReferenceProxy section */
		EE71B4DC1EA53389007D3CD8 /* Charts.framework */ = {
			isa = PBXReferenceProxy;
			fileType = wrapper.framework;
			path = Charts.framework;
			remoteRef = EE71B4DB1EA53389007D3CD8 /* PBXContainerItemProxy */;
			sourceTree = BUILT_PRODUCTS_DIR;
		};
		EE71B4DE1EA53389007D3CD8 /* ChartsTests.xctest */ = {
			isa = PBXReferenceProxy;
			fileType = wrapper.cfbundle;
			path = ChartsTests.xctest;
			remoteRef = EE71B4DD1EA53389007D3CD8 /* PBXContainerItemProxy */;
			sourceTree = BUILT_PRODUCTS_DIR;
		};
/* End PBXReferenceProxy section */

/* Begin PBXResourcesBuildPhase section */
		EEA979471E65FAB000E312F3 /* Resources */ = {
			isa = PBXResourcesBuildPhase;
			buildActionMask = 2147483647;
			files = (
				EEA979571E65FAB000E312F3 /* LaunchScreen.storyboard in Resources */,
				EE02036F1E6D9C0D007077E6 /* csvtest.csv in Resources */,
				EEA979541E65FAB000E312F3 /* Assets.xcassets in Resources */,
				EEA979521E65FAB000E312F3 /* Main.storyboard in Resources */,
			);
			runOnlyForDeploymentPostprocessing = 0;
		};
		EEA9795B1E65FAB000E312F3 /* Resources */ = {
			isa = PBXResourcesBuildPhase;
			buildActionMask = 2147483647;
			files = (
			);
			runOnlyForDeploymentPostprocessing = 0;
		};
		EEA979661E65FAB000E312F3 /* Resources */ = {
			isa = PBXResourcesBuildPhase;
			buildActionMask = 2147483647;
			files = (
			);
			runOnlyForDeploymentPostprocessing = 0;
		};
/* End PBXResourcesBuildPhase section */

/* Begin PBXSourcesBuildPhase section */
		EEA979451E65FAB000E312F3 /* Sources */ = {
			isa = PBXSourcesBuildPhase;
			buildActionMask = 2147483647;
			files = (
				EE3D4D3B1E6EFE9200019625 /* Player.swift in Sources */,
				EE6E0DC71EA698570003991B /* BarChartViewController.swift in Sources */,
				EEA9794D1E65FAB000E312F3 /* AppDelegate.swift in Sources */,
				EEB399241E94165C00053743 /* PlayerTableViewController.swift in Sources */,
			);
			runOnlyForDeploymentPostprocessing = 0;
		};
		EEA979591E65FAB000E312F3 /* Sources */ = {
			isa = PBXSourcesBuildPhase;
			buildActionMask = 2147483647;
			files = (
				EEA979621E65FAB000E312F3 /* TextFileCSVTests.swift in Sources */,
			);
			runOnlyForDeploymentPostprocessing = 0;
		};
		EEA979641E65FAB000E312F3 /* Sources */ = {
			isa = PBXSourcesBuildPhase;
			buildActionMask = 2147483647;
			files = (
				EEA9796D1E65FAB000E312F3 /* TextFileCSVUITests.swift in Sources */,
			);
			runOnlyForDeploymentPostprocessing = 0;
		};
/* End PBXSourcesBuildPhase section */

/* Begin PBXTargetDependency section */
		EE71B4E21EA533D3007D3CD8 /* PBXTargetDependency */ = {
			isa = PBXTargetDependency;
			name = Charts;
			targetProxy = EE71B4E11EA533D3007D3CD8 /* PBXContainerItemProxy */;
		};
		EEA9795F1E65FAB000E312F3 /* PBXTargetDependency */ = {
			isa = PBXTargetDependency;
			target = EEA979481E65FAB000E312F3 /* StatTrack */;
			targetProxy = EEA9795E1E65FAB000E312F3 /* PBXContainerItemProxy */;
		};
		EEA9796A1E65FAB000E312F3 /* PBXTargetDependency */ = {
			isa = PBXTargetDependency;
			target = EEA979481E65FAB000E312F3 /* StatTrack */;
			targetProxy = EEA979691E65FAB000E312F3 /* PBXContainerItemProxy */;
		};
/* End PBXTargetDependency section */

/* Begin PBXVariantGroup section */
		EEA979501E65FAB000E312F3 /* Main.storyboard */ = {
			isa = PBXVariantGroup;
			children = (
				EEA979511E65FAB000E312F3 /* Base */,
			);
			name = Main.storyboard;
			sourceTree = "<group>";
		};
		EEA979551E65FAB000E312F3 /* LaunchScreen.storyboard */ = {
			isa = PBXVariantGroup;
			children = (
				EEA979561E65FAB000E312F3 /* Base */,
			);
			name = LaunchScreen.storyboard;
			sourceTree = "<group>";
		};
/* End PBXVariantGroup section */

/* Begin XCBuildConfiguration section */
		EEA9796F1E65FAB000E312F3 /* Debug */ = {
			isa = XCBuildConfiguration;
			buildSettings = {
				ALWAYS_SEARCH_USER_PATHS = NO;
				CLANG_ANALYZER_NONNULL = YES;
				CLANG_CXX_LANGUAGE_STANDARD = "gnu++0x";
				CLANG_CXX_LIBRARY = "libc++";
				CLANG_ENABLE_MODULES = YES;
				CLANG_ENABLE_OBJC_ARC = YES;
				CLANG_WARN_BOOL_CONVERSION = YES;
				CLANG_WARN_CONSTANT_CONVERSION = YES;
				CLANG_WARN_DIRECT_OBJC_ISA_USAGE = YES_ERROR;
				CLANG_WARN_DOCUMENTATION_COMMENTS = YES;
				CLANG_WARN_EMPTY_BODY = YES;
				CLANG_WARN_ENUM_CONVERSION = YES;
				CLANG_WARN_INFINITE_RECURSION = YES;
				CLANG_WARN_INT_CONVERSION = YES;
				CLANG_WARN_OBJC_ROOT_CLASS = YES_ERROR;
				CLANG_WARN_SUSPICIOUS_MOVE = YES;
				CLANG_WARN_UNREACHABLE_CODE = YES;
				CLANG_WARN__DUPLICATE_METHOD_MATCH = YES;
				"CODE_SIGN_IDENTITY[sdk=iphoneos*]" = "iPhone Developer";
				COPY_PHASE_STRIP = NO;
				DEBUG_INFORMATION_FORMAT = dwarf;
				ENABLE_STRICT_OBJC_MSGSEND = YES;
				ENABLE_TESTABILITY = YES;
				GCC_C_LANGUAGE_STANDARD = gnu99;
				GCC_DYNAMIC_NO_PIC = NO;
				GCC_NO_COMMON_BLOCKS = YES;
				GCC_OPTIMIZATION_LEVEL = 0;
				GCC_PREPROCESSOR_DEFINITIONS = (
					"DEBUG=1",
					"$(inherited)",
				);
				GCC_WARN_64_TO_32_BIT_CONVERSION = YES;
				GCC_WARN_ABOUT_RETURN_TYPE = YES_ERROR;
				GCC_WARN_UNDECLARED_SELECTOR = YES;
				GCC_WARN_UNINITIALIZED_AUTOS = YES_AGGRESSIVE;
				GCC_WARN_UNUSED_FUNCTION = YES;
				GCC_WARN_UNUSED_VARIABLE = YES;
				IPHONEOS_DEPLOYMENT_TARGET = 10.2;
				MTL_ENABLE_DEBUG_INFO = YES;
				ONLY_ACTIVE_ARCH = YES;
				SDKROOT = iphoneos;
				SWIFT_ACTIVE_COMPILATION_CONDITIONS = DEBUG;
				SWIFT_OPTIMIZATION_LEVEL = "-Onone";
				TARGETED_DEVICE_FAMILY = "1,2";
			};
			name = Debug;
		};
		EEA979701E65FAB000E312F3 /* Release */ = {
			isa = XCBuildConfiguration;
			buildSettings = {
				ALWAYS_SEARCH_USER_PATHS = NO;
				CLANG_ANALYZER_NONNULL = YES;
				CLANG_CXX_LANGUAGE_STANDARD = "gnu++0x";
				CLANG_CXX_LIBRARY = "libc++";
				CLANG_ENABLE_MODULES = YES;
				CLANG_ENABLE_OBJC_ARC = YES;
				CLANG_WARN_BOOL_CONVERSION = YES;
				CLANG_WARN_CONSTANT_CONVERSION = YES;
				CLANG_WARN_DIRECT_OBJC_ISA_USAGE = YES_ERROR;
				CLANG_WARN_DOCUMENTATION_COMMENTS = YES;
				CLANG_WARN_EMPTY_BODY = YES;
				CLANG_WARN_ENUM_CONVERSION = YES;
				CLANG_WARN_INFINITE_RECURSION = YES;
				CLANG_WARN_INT_CONVERSION = YES;
				CLANG_WARN_OBJC_ROOT_CLASS = YES_ERROR;
				CLANG_WARN_SUSPICIOUS_MOVE = YES;
				CLANG_WARN_UNREACHABLE_CODE = YES;
				CLANG_WARN__DUPLICATE_METHOD_MATCH = YES;
				"CODE_SIGN_IDENTITY[sdk=iphoneos*]" = "iPhone Developer";
				COPY_PHASE_STRIP = NO;
				DEBUG_INFORMATION_FORMAT = "dwarf-with-dsym";
				ENABLE_NS_ASSERTIONS = NO;
				ENABLE_STRICT_OBJC_MSGSEND = YES;
				GCC_C_LANGUAGE_STANDARD = gnu99;
				GCC_NO_COMMON_BLOCKS = YES;
				GCC_WARN_64_TO_32_BIT_CONVERSION = YES;
				GCC_WARN_ABOUT_RETURN_TYPE = YES_ERROR;
				GCC_WARN_UNDECLARED_SELECTOR = YES;
				GCC_WARN_UNINITIALIZED_AUTOS = YES_AGGRESSIVE;
				GCC_WARN_UNUSED_FUNCTION = YES;
				GCC_WARN_UNUSED_VARIABLE = YES;
				IPHONEOS_DEPLOYMENT_TARGET = 10.2;
				MTL_ENABLE_DEBUG_INFO = NO;
				SDKROOT = iphoneos;
				SWIFT_OPTIMIZATION_LEVEL = "-Owholemodule";
				TARGETED_DEVICE_FAMILY = "1,2";
				VALIDATE_PRODUCT = YES;
			};
			name = Release;
		};
		EEA979721E65FAB000E312F3 /* Debug */ = {
			isa = XCBuildConfiguration;
			buildSettings = {
				ALWAYS_EMBED_SWIFT_STANDARD_LIBRARIES = YES;
				ASSETCATALOG_COMPILER_APPICON_NAME = AppIcon;
				DEVELOPMENT_TEAM = 64643K84XW;
				INFOPLIST_FILE = StatTrack/Info.plist;
				LD_RUNPATH_SEARCH_PATHS = "$(inherited) @executable_path/Frameworks";
				PRODUCT_BUNDLE_IDENTIFIER = org.chiedu.StatTrack;
				PRODUCT_NAME = "$(TARGET_NAME)";
				SWIFT_VERSION = 3.0;
			};
			name = Debug;
		};
		EEA979731E65FAB000E312F3 /* Release */ = {
			isa = XCBuildConfiguration;
			buildSettings = {
				ALWAYS_EMBED_SWIFT_STANDARD_LIBRARIES = YES;
				ASSETCATALOG_COMPILER_APPICON_NAME = AppIcon;
				DEVELOPMENT_TEAM = 64643K84XW;
				INFOPLIST_FILE = StatTrack/Info.plist;
				LD_RUNPATH_SEARCH_PATHS = "$(inherited) @executable_path/Frameworks";
				PRODUCT_BUNDLE_IDENTIFIER = org.chiedu.StatTrack;
				PRODUCT_NAME = "$(TARGET_NAME)";
				SWIFT_VERSION = 3.0;
			};
			name = Release;
		};
		EEA979751E65FAB000E312F3 /* Debug */ = {
			isa = XCBuildConfiguration;
			buildSettings = {
				ALWAYS_EMBED_SWIFT_STANDARD_LIBRARIES = YES;
				BUNDLE_LOADER = "$(TEST_HOST)";
				INFOPLIST_FILE = TextFileCSVTests/Info.plist;
				LD_RUNPATH_SEARCH_PATHS = "$(inherited) @executable_path/Frameworks @loader_path/Frameworks";
				PRODUCT_BUNDLE_IDENTIFIER = org.chiedu.TextFileCSVTests;
				PRODUCT_NAME = "$(TARGET_NAME)";
				SWIFT_VERSION = 3.0;
				TEST_HOST = "$(BUILT_PRODUCTS_DIR)/StatTrack.app/StatTrack";
			};
			name = Debug;
		};
		EEA979761E65FAB000E312F3 /* Release */ = {
			isa = XCBuildConfiguration;
			buildSettings = {
				ALWAYS_EMBED_SWIFT_STANDARD_LIBRARIES = YES;
				BUNDLE_LOADER = "$(TEST_HOST)";
				INFOPLIST_FILE = TextFileCSVTests/Info.plist;
				LD_RUNPATH_SEARCH_PATHS = "$(inherited) @executable_path/Frameworks @loader_path/Frameworks";
				PRODUCT_BUNDLE_IDENTIFIER = org.chiedu.TextFileCSVTests;
				PRODUCT_NAME = "$(TARGET_NAME)";
				SWIFT_VERSION = 3.0;
				TEST_HOST = "$(BUILT_PRODUCTS_DIR)/StatTrack.app/StatTrack";
			};
			name = Release;
		};
		EEA979781E65FAB000E312F3 /* Debug */ = {
			isa = XCBuildConfiguration;
			buildSettings = {
				ALWAYS_EMBED_SWIFT_STANDARD_LIBRARIES = YES;
				INFOPLIST_FILE = TextFileCSVUITests/Info.plist;
				LD_RUNPATH_SEARCH_PATHS = "$(inherited) @executable_path/Frameworks @loader_path/Frameworks";
				PRODUCT_BUNDLE_IDENTIFIER = org.chiedu.TextFileCSVUITests;
				PRODUCT_NAME = "$(TARGET_NAME)";
				SWIFT_VERSION = 3.0;
				TEST_TARGET_NAME = TextFileCSV;
			};
			name = Debug;
		};
		EEA979791E65FAB000E312F3 /* Release */ = {
			isa = XCBuildConfiguration;
			buildSettings = {
				ALWAYS_EMBED_SWIFT_STANDARD_LIBRARIES = YES;
				INFOPLIST_FILE = TextFileCSVUITests/Info.plist;
				LD_RUNPATH_SEARCH_PATHS = "$(inherited) @executable_path/Frameworks @loader_path/Frameworks";
				PRODUCT_BUNDLE_IDENTIFIER = org.chiedu.TextFileCSVUITests;
				PRODUCT_NAME = "$(TARGET_NAME)";
				SWIFT_VERSION = 3.0;
				TEST_TARGET_NAME = TextFileCSV;
			};
			name = Release;
		};
/* End XCBuildConfiguration section */

/* Begin XCConfigurationList section */
		EEA979441E65FAB000E312F3 /* Build configuration list for PBXProject "StatTrack" */ = {
			isa = XCConfigurationList;
			buildConfigurations = (
				EEA9796F1E65FAB000E312F3 /* Debug */,
				EEA979701E65FAB000E312F3 /* Release */,
			);
			defaultConfigurationIsVisible = 0;
			defaultConfigurationName = Release;
		};
		EEA979711E65FAB000E312F3 /* Build configuration list for PBXNativeTarget "StatTrack" */ = {
			isa = XCConfigurationList;
			buildConfigurations = (
				EEA979721E65FAB000E312F3 /* Debug */,
				EEA979731E65FAB000E312F3 /* Release */,
			);
			defaultConfigurationIsVisible = 0;
			defaultConfigurationName = Release;
		};
		EEA979741E65FAB000E312F3 /* Build configuration list for PBXNativeTarget "StatTrackTests" */ = {
			isa = XCConfigurationList;
			buildConfigurations = (
				EEA979751E65FAB000E312F3 /* Debug */,
				EEA979761E65FAB000E312F3 /* Release */,
			);
			defaultConfigurationIsVisible = 0;
			defaultConfigurationName = Release;
		};
		EEA979771E65FAB000E312F3 /* Build configuration list for PBXNativeTarget "StatTrackUITests" */ = {
			isa = XCConfigurationList;
			buildConfigurations = (
				EEA979781E65FAB000E312F3 /* Debug */,
				EEA979791E65FAB000E312F3 /* Release */,
			);
			defaultConfigurationIsVisible = 0;
			defaultConfigurationName = Release;
		};
/* End XCConfigurationList section */
	};
	rootObject = EEA979411E65FAB000E312F3 /* Project object */;
}
